
Microsoft Visual Studio Solution File, Format Version 11.00
# Visual Studio 2010
Project("{FAE04EC0-301F-11D3-BF4B-00C04F79EFBC}") = "Assembly-CSharp", "Assembly-CSharp.csproj", "{80225C57-7D42-EC4A-097F-F1EE5A64E44F}"
EndProject
Project("{FAE04EC0-301F-11D3-BF4B-00C04F79EFBC}") = "Assembly-CSharp-Editor", "Assembly-CSharp-Editor.csproj", "{82A1B977-3D3C-BE01-8C20-76615253BB1D}"
EndProject
Global
	GlobalSection(SolutionConfigurationPlatforms) = preSolution
		Debug|Any CPU = Debug|Any CPU
		Release|Any CPU = Release|Any CPU
	EndGlobalSection
	GlobalSection(ProjectConfigurationPlatforms) = postSolution
		{80225C57-7D42-EC4A-097F-F1EE5A64E44F}.Debug|Any CPU.ActiveCfg = Debug|Any CPU
		{80225C57-7D42-EC4A-097F-F1EE5A64E44F}.Debug|Any CPU.Build.0 = Debug|Any CPU
		{80225C57-7D42-EC4A-097F-F1EE5A64E44F}.Release|Any CPU.ActiveCfg = Release|Any CPU
		{80225C57-7D42-EC4A-097F-F1EE5A64E44F}.Release|Any CPU.Build.0 = Release|Any CPU
		{82A1B977-3D3C-BE01-8C20-76615253BB1D}.Debug|Any CPU.ActiveCfg = Debug|Any CPU
		{82A1B977-3D3C-BE01-8C20-76615253BB1D}.Debug|Any CPU.Build.0 = Debug|Any CPU
		{82A1B977-3D3C-BE01-8C20-76615253BB1D}.Release|Any CPU.ActiveCfg = Release|Any CPU
		{82A1B977-3D3C-BE01-8C20-76615253BB1D}.Release|Any CPU.Build.0 = Release|Any CPU
	EndGlobalSection
	GlobalSection(SolutionProperties) = preSolution
		HideSolutionNode = FALSE
	EndGlobalSection
	GlobalSection(MonoDevelopProperties) = preSolution
		StartupItem = Assembly-CSharp.csproj
	EndGlobalSection
EndGlobal
